
Microsoft Visual Studio Solution File, Format Version 12.00
# Visual Studio Version 17
VisualStudioVersion = 17.0.31903.59
MinimumVisualStudioVersion = 10.0.40219.1
Project("{9A19103F-16F7-4668-BE54-9A1E7A4F7556}") = "BeGeneric", "BeGeneric\BeGeneric.csproj", "{160DD99C-20CC-4F43-911D-D101AB29B97C}"
EndProject
Project("{00D1A9C2-B5F0-4AF3-8072-F6C62B433612}") = "BeGenericDatabase", "SampleDatabase\BeGenericDatabase.sqlproj", "{89A3F5BC-398E-4FBE-9B31-BFAE203048DA}"
EndProject
Project("{FAE04EC0-301F-11D3-BF4B-00C04F79EFBC}") = "BeGeneric.Backend", "BeGeneric.Backend\BeGeneric.Backend.csproj", "{128B02A9-65F9-4123-B693-74058CF0039B}"
EndProject
Global
	GlobalSection(SolutionConfigurationPlatforms) = preSolution
		Debug|Any CPU = Debug|Any CPU
		Release|Any CPU = Release|Any CPU
	EndGlobalSection
	GlobalSection(ProjectConfigurationPlatforms) = postSolution
		{160DD99C-20CC-4F43-911D-D101AB29B97C}.Debug|Any CPU.ActiveCfg = Debug|Any CPU
		{160DD99C-20CC-4F43-911D-D101AB29B97C}.Debug|Any CPU.Build.0 = Debug|Any CPU
		{160DD99C-20CC-4F43-911D-D101AB29B97C}.Release|Any CPU.ActiveCfg = Release|Any CPU
		{160DD99C-20CC-4F43-911D-D101AB29B97C}.Release|Any CPU.Build.0 = Release|Any CPU
		{89A3F5BC-398E-4FBE-9B31-BFAE203048DA}.Debug|Any CPU.ActiveCfg = Debug|Any CPU
		{89A3F5BC-398E-4FBE-9B31-BFAE203048DA}.Debug|Any CPU.Build.0 = Debug|Any CPU
		{89A3F5BC-398E-4FBE-9B31-BFAE203048DA}.Debug|Any CPU.Deploy.0 = Debug|Any CPU
		{89A3F5BC-398E-4FBE-9B31-BFAE203048DA}.Release|Any CPU.ActiveCfg = Release|Any CPU
		{89A3F5BC-398E-4FBE-9B31-BFAE203048DA}.Release|Any CPU.Build.0 = Release|Any CPU
		{89A3F5BC-398E-4FBE-9B31-BFAE203048DA}.Release|Any CPU.Deploy.0 = Release|Any CPU
		{128B02A9-65F9-4123-B693-74058CF0039B}.Debug|Any CPU.ActiveCfg = Debug|Any CPU
		{128B02A9-65F9-4123-B693-74058CF0039B}.Debug|Any CPU.Build.0 = Debug|Any CPU
		{128B02A9-65F9-4123-B693-74058CF0039B}.Release|Any CPU.ActiveCfg = Release|Any CPU
		{128B02A9-65F9-4123-B693-74058CF0039B}.Release|Any CPU.Build.0 = Release|Any CPU
	EndGlobalSection
	GlobalSection(SolutionProperties) = preSolution
		HideSolutionNode = FALSE
	EndGlobalSection
	GlobalSection(ExtensibilityGlobals) = postSolution
		SolutionGuid = {0121C326-8FC1-41C2-B3E6-A452D19F23B5}
	EndGlobalSection
EndGlobal
