
Microsoft Visual Studio Solution File, Format Version 12.00
# Visual Studio Version 17
VisualStudioVersion = 17.0.31903.59
MinimumVisualStudioVersion = 10.0.40219.1
Project("{00D1A9C2-B5F0-4AF3-8072-F6C62B433612}") = "BeGeneric.SampleDatabase", "BeGeneric.SampleDatabase\BeGeneric.SampleDatabase.sqlproj", "{89A3F5BC-398E-4FBE-9B31-BFAE203048DA}"
EndProject
Project("{9A19103F-16F7-4668-BE54-9A1E7A4F7556}") = "BeGeneric.Backend", "BeGeneric.Backend\BeGeneric.Backend.csproj", "{128B02A9-65F9-4123-B693-74058CF0039B}"
EndProject
Project("{9A19103F-16F7-4668-BE54-9A1E7A4F7556}") = "BeGeneric.Backend.Sample", "BeGeneric.Backend.Sample\BeGeneric.Backend.Sample.csproj", "{EBCB5905-B7EC-4E62-B714-07AAD0E7FA73}"
EndProject
Project("{FAE04EC0-301F-11D3-BF4B-00C04F79EFBC}") = "BeGeneric.Backend.MsSql", "BeGeneric.Backend.MsSql\BeGeneric.Backend.MsSql.csproj", "{8012CB08-AE0D-4509-9E55-CEF79B954A6F}"
EndProject
Global
	GlobalSection(SolutionConfigurationPlatforms) = preSolution
		Debug|Any CPU = Debug|Any CPU
		Release|Any CPU = Release|Any CPU
	EndGlobalSection
	GlobalSection(ProjectConfigurationPlatforms) = postSolution
		{89A3F5BC-398E-4FBE-9B31-BFAE203048DA}.Debug|Any CPU.ActiveCfg = Debug|Any CPU
		{89A3F5BC-398E-4FBE-9B31-BFAE203048DA}.Debug|Any CPU.Build.0 = Debug|Any CPU
		{89A3F5BC-398E-4FBE-9B31-BFAE203048DA}.Debug|Any CPU.Deploy.0 = Debug|Any CPU
		{89A3F5BC-398E-4FBE-9B31-BFAE203048DA}.Release|Any CPU.ActiveCfg = Release|Any CPU
		{89A3F5BC-398E-4FBE-9B31-BFAE203048DA}.Release|Any CPU.Build.0 = Release|Any CPU
		{89A3F5BC-398E-4FBE-9B31-BFAE203048DA}.Release|Any CPU.Deploy.0 = Release|Any CPU
		{128B02A9-65F9-4123-B693-74058CF0039B}.Debug|Any CPU.ActiveCfg = Debug|Any CPU
		{128B02A9-65F9-4123-B693-74058CF0039B}.Debug|Any CPU.Build.0 = Debug|Any CPU
		{128B02A9-65F9-4123-B693-74058CF0039B}.Release|Any CPU.ActiveCfg = Release|Any CPU
		{128B02A9-65F9-4123-B693-74058CF0039B}.Release|Any CPU.Build.0 = Release|Any CPU
		{EBCB5905-B7EC-4E62-B714-07AAD0E7FA73}.Debug|Any CPU.ActiveCfg = Debug|Any CPU
		{EBCB5905-B7EC-4E62-B714-07AAD0E7FA73}.Debug|Any CPU.Build.0 = Debug|Any CPU
		{EBCB5905-B7EC-4E62-B714-07AAD0E7FA73}.Release|Any CPU.ActiveCfg = Release|Any CPU
		{EBCB5905-B7EC-4E62-B714-07AAD0E7FA73}.Release|Any CPU.Build.0 = Release|Any CPU
		{8012CB08-AE0D-4509-9E55-CEF79B954A6F}.Debug|Any CPU.ActiveCfg = Debug|Any CPU
		{8012CB08-AE0D-4509-9E55-CEF79B954A6F}.Debug|Any CPU.Build.0 = Debug|Any CPU
		{8012CB08-AE0D-4509-9E55-CEF79B954A6F}.Release|Any CPU.ActiveCfg = Release|Any CPU
		{8012CB08-AE0D-4509-9E55-CEF79B954A6F}.Release|Any CPU.Build.0 = Release|Any CPU
	EndGlobalSection
	GlobalSection(SolutionProperties) = preSolution
		HideSolutionNode = FALSE
	EndGlobalSection
	GlobalSection(ExtensibilityGlobals) = postSolution
		SolutionGuid = {0121C326-8FC1-41C2-B3E6-A452D19F23B5}
	EndGlobalSection
EndGlobal
